
Microsoft Visual Studio Solution File, Format Version 12.00
# Visual Studio 15
VisualStudioVersion = 15.0.28307.168
MinimumVisualStudioVersion = 10.0.40219.1
Project("{FAE04EC0-301F-11D3-BF4B-00C04F79EFBC}") = "TestServer", "TestServer\TestServer.csproj", "{4B644345-542A-437F-9C87-217C630AD26A}"
EndProject
Global
	GlobalSection(SolutionConfigurationPlatforms) = preSolution
		Debug|Any CPU = Debug|Any CPU
		Release|Any CPU = Release|Any CPU
	EndGlobalSection
	GlobalSection(ProjectConfigurationPlatforms) = postSolution
		{4B644345-542A-437F-9C87-217C630AD26A}.Debug|Any CPU.ActiveCfg = Debug|Any CPU
		{4B644345-542A-437F-9C87-217C630AD26A}.Debug|Any CPU.Build.0 = Debug|Any CPU
		{4B644345-542A-437F-9C87-217C630AD26A}.Release|Any CPU.ActiveCfg = Release|Any CPU
		{4B644345-542A-437F-9C87-217C630AD26A}.Release|Any CPU.Build.0 = Release|Any CPU
	EndGlobalSection
	GlobalSection(SolutionProperties) = preSolution
		HideSolutionNode = FALSE
	EndGlobalSection
	GlobalSection(ExtensibilityGlobals) = postSolution
		SolutionGuid = {0FD2A3BA-C385-4ADA-946E-55774EEC98C0}
	EndGlobalSection
EndGlobal
